lockfileVersion: '9.0'

settings:
  autoInstallPeers: true
  excludeLinksFromLockfile: false

importers:

  .:
    devDependencies:
      '@types/node':
        specifier: latest
        version: 20.14.2
      typescript:
        specifier: latest
        version: 5.4.5

  packages/language-server:
    dependencies:
      '@volar/language-core':
        specifier: ~2.3.0
        version: 2.3.0
      '@volar/language-server':
        specifier: ~2.3.0
        version: 2.3.0
      '@volar/language-service':
        specifier: ~2.3.0
        version: 2.3.0
      volar-service-css:
        specifier: volar-2.3
        version: 0.0.51(@volar/language-service@2.3.0)
      volar-service-emmet:
        specifier: volar-2.3
        version: 0.0.50(@volar/language-service@2.3.0)
      volar-service-html:
        specifier: volar-2.3
        version: 0.0.50(@volar/language-service@2.3.0)
      volar-service-typescript:
        specifier: volar-2.3
        version: 0.0.51(@volar/language-service@2.3.0)
      vscode-html-languageservice:
        specifier: ^5.2.0
        version: 5.2.0
      vscode-uri:
        specifier: ^3.0.8
        version: 3.0.8

  packages/vscode:
    devDependencies:
      '@html1/language-server':
        specifier: workspace:*
        version: link:../language-server
      '@types/vscode':
        specifier: ^1.82.0
        version: 1.90.0
      '@volar/language-server':
        specifier: ~2.3.0
        version: 2.3.0
      '@volar/vscode':
        specifier: ~2.3.0
        version: 2.3.0
      esbuild:
        specifier: latest
        version: 0.21.5
      vsce:
        specifier: latest
        version: 2.15.0
      vscode-languageclient:
        specifier: ^9.0.1
        version: 9.0.1

packages:

  '@emmetio/abbreviation@2.3.3':
    resolution: {integrity: sha512-mgv58UrU3rh4YgbE/TzgLQwJ3pFsHHhCLqY20aJq+9comytTXUDNGG/SMtSeMJdkpxgXSXunBGLD8Boka3JyVA==}

  '@emmetio/css-abbreviation@2.1.8':
    resolution: {integrity: sha512-s9yjhJ6saOO/uk1V74eifykk2CBYi01STTK3WlXWGOepyKa23ymJ053+DNQjpFcy1ingpaO7AxCcwLvHFY9tuw==}

  '@emmetio/css-parser@0.4.0':
    resolution: {integrity: sha512-z7wkxRSZgrQHXVzObGkXG+Vmj3uRlpM11oCZ9pbaz0nFejvCDmAiNDpY75+wgXOcffKpj4rzGtwGaZxfJKsJxw==}

  '@emmetio/html-matcher@1.3.0':
    resolution: {integrity: sha512-NTbsvppE5eVyBMuyGfVu2CRrLvo7J4YHb6t9sBFLyY03WYhXET37qA4zOYUjBWFCRHO7pS1B9khERtY0f5JXPQ==}

  '@emmetio/scanner@1.0.4':
    resolution: {integrity: sha512-IqRuJtQff7YHHBk4G8YZ45uB9BaAGcwQeVzgj/zj8/UdOhtQpEIupUhSk8dys6spFIWVZVeK20CzGEnqR5SbqA==}

  '@emmetio/stream-reader-utils@0.1.0':
    resolution: {integrity: sha512-ZsZ2I9Vzso3Ho/pjZFsmmZ++FWeEd/txqybHTm4OgaZzdS8V9V/YYWQwg5TC38Z7uLWUV1vavpLLbjJtKubR1A==}

  '@emmetio/stream-reader@2.2.0':
    resolution: {integrity: sha512-fXVXEyFA5Yv3M3n8sUGT7+fvecGrZP4k6FnWWMSZVQf69kAq0LLpaBQLGcPR30m3zMmKYhECP4k/ZkzvhEW5kw==}

  '@esbuild/aix-ppc64@0.21.5':
    resolution: {integrity: sha512-1SDgH6ZSPTlggy1yI6+Dbkiz8xzpHJEVAlF/AM1tHPLsf5STom9rwtjE4hKAF20FfXXNTFqEYXyJNWh1GiZedQ==}
    engines: {node: '>=12'}
    cpu: [ppc64]
    os: [aix]

  '@esbuild/android-arm64@0.21.5':
    resolution: {integrity: sha512-c0uX9VAUBQ7dTDCjq+wdyGLowMdtR/GoC2U5IYk/7D1H1JYC0qseD7+11iMP2mRLN9RcCMRcjC4YMclCzGwS/A==}
    engines: {node: '>=12'}
    cpu: [arm64]
    os: [android]

  '@esbuild/android-arm@0.21.5':
    resolution: {integrity: sha512-vCPvzSjpPHEi1siZdlvAlsPxXl7WbOVUBBAowWug4rJHb68Ox8KualB+1ocNvT5fjv6wpkX6o/iEpbDrf68zcg==}
    engines: {node: '>=12'}
    cpu: [arm]
    os: [android]

  '@esbuild/android-x64@0.21.5':
    resolution: {integrity: sha512-D7aPRUUNHRBwHxzxRvp856rjUHRFW1SdQATKXH2hqA0kAZb1hKmi02OpYRacl0TxIGz/ZmXWlbZgjwWYaCakTA==}
    engines: {node: '>=12'}
    cpu: [x64]
    os: [android]

  '@esbuild/darwin-arm64@0.21.5':
    resolution: {integrity: sha512-DwqXqZyuk5AiWWf3UfLiRDJ5EDd49zg6O9wclZ7kUMv2WRFr4HKjXp/5t8JZ11QbQfUS6/cRCKGwYhtNAY88kQ==}
    engines: {node: '>=12'}
    cpu: [arm64]
    os: [darwin]

  '@esbuild/darwin-x64@0.21.5':
    resolution: {integrity: sha512-se/JjF8NlmKVG4kNIuyWMV/22ZaerB+qaSi5MdrXtd6R08kvs2qCN4C09miupktDitvh8jRFflwGFBQcxZRjbw==}
    engines: {node: '>=12'}
    cpu: [x64]
    os: [darwin]

  '@esbuild/freebsd-arm64@0.21.5':
    resolution: {integrity: sha512-5JcRxxRDUJLX8JXp/wcBCy3pENnCgBR9bN6JsY4OmhfUtIHe3ZW0mawA7+RDAcMLrMIZaf03NlQiX9DGyB8h4g==}
    engines: {node: '>=12'}
    cpu: [arm64]
    os: [freebsd]

  '@esbuild/freebsd-x64@0.21.5':
    resolution: {integrity: sha512-J95kNBj1zkbMXtHVH29bBriQygMXqoVQOQYA+ISs0/2l3T9/kj42ow2mpqerRBxDJnmkUDCaQT/dfNXWX/ZZCQ==}
    engines: {node: '>=12'}
    cpu: [x64]
    os: [freebsd]

  '@esbuild/linux-arm64@0.21.5':
    resolution: {integrity: sha512-ibKvmyYzKsBeX8d8I7MH/TMfWDXBF3db4qM6sy+7re0YXya+K1cem3on9XgdT2EQGMu4hQyZhan7TeQ8XkGp4Q==}
    engines: {node: '>=12'}
    cpu: [arm64]
    os: [linux]

  '@esbuild/linux-arm@0.21.5':
    resolution: {integrity: sha512-bPb5AHZtbeNGjCKVZ9UGqGwo8EUu4cLq68E95A53KlxAPRmUyYv2D6F0uUI65XisGOL1hBP5mTronbgo+0bFcA==}
    engines: {node: '>=12'}
    cpu: [arm]
    os: [linux]

  '@esbuild/linux-ia32@0.21.5':
    resolution: {integrity: sha512-YvjXDqLRqPDl2dvRODYmmhz4rPeVKYvppfGYKSNGdyZkA01046pLWyRKKI3ax8fbJoK5QbxblURkwK/MWY18Tg==}
    engines: {node: '>=12'}
    cpu: [ia32]
    os: [linux]

  '@esbuild/linux-loong64@0.21.5':
    resolution: {integrity: sha512-uHf1BmMG8qEvzdrzAqg2SIG/02+4/DHB6a9Kbya0XDvwDEKCoC8ZRWI5JJvNdUjtciBGFQ5PuBlpEOXQj+JQSg==}
    engines: {node: '>=12'}
    cpu: [loong64]
    os: [linux]

  '@esbuild/linux-mips64el@0.21.5':
    resolution: {integrity: sha512-IajOmO+KJK23bj52dFSNCMsz1QP1DqM6cwLUv3W1QwyxkyIWecfafnI555fvSGqEKwjMXVLokcV5ygHW5b3Jbg==}
    engines: {node: '>=12'}
    cpu: [mips64el]
    os: [linux]

  '@esbuild/linux-ppc64@0.21.5':
    resolution: {integrity: sha512-1hHV/Z4OEfMwpLO8rp7CvlhBDnjsC3CttJXIhBi+5Aj5r+MBvy4egg7wCbe//hSsT+RvDAG7s81tAvpL2XAE4w==}
    engines: {node: '>=12'}
    cpu: [ppc64]
    os: [linux]

  '@esbuild/linux-riscv64@0.21.5':
    resolution: {integrity: sha512-2HdXDMd9GMgTGrPWnJzP2ALSokE/0O5HhTUvWIbD3YdjME8JwvSCnNGBnTThKGEB91OZhzrJ4qIIxk/SBmyDDA==}
    engines: {node: '>=12'}
    cpu: [riscv64]
    os: [linux]

  '@esbuild/linux-s390x@0.21.5':
    resolution: {integrity: sha512-zus5sxzqBJD3eXxwvjN1yQkRepANgxE9lgOW2qLnmr8ikMTphkjgXu1HR01K4FJg8h1kEEDAqDcZQtbrRnB41A==}
    engines: {node: '>=12'}
    cpu: [s390x]
    os: [linux]

  '@esbuild/linux-x64@0.21.5':
    resolution: {integrity: sha512-1rYdTpyv03iycF1+BhzrzQJCdOuAOtaqHTWJZCWvijKD2N5Xu0TtVC8/+1faWqcP9iBCWOmjmhoH94dH82BxPQ==}
    engines: {node: '>=12'}
    cpu: [x64]
    os: [linux]

  '@esbuild/netbsd-x64@0.21.5':
    resolution: {integrity: sha512-Woi2MXzXjMULccIwMnLciyZH4nCIMpWQAs049KEeMvOcNADVxo0UBIQPfSmxB3CWKedngg7sWZdLvLczpe0tLg==}
    engines: {node: '>=12'}
    cpu: [x64]
    os: [netbsd]

  '@esbuild/openbsd-x64@0.21.5':
    resolution: {integrity: sha512-HLNNw99xsvx12lFBUwoT8EVCsSvRNDVxNpjZ7bPn947b8gJPzeHWyNVhFsaerc0n3TsbOINvRP2byTZ5LKezow==}
    engines: {node: '>=12'}
    cpu: [x64]
    os: [openbsd]

  '@esbuild/sunos-x64@0.21.5':
    resolution: {integrity: sha512-6+gjmFpfy0BHU5Tpptkuh8+uw3mnrvgs+dSPQXQOv3ekbordwnzTVEb4qnIvQcYXq6gzkyTnoZ9dZG+D4garKg==}
    engines: {node: '>=12'}
    cpu: [x64]
    os: [sunos]

  '@esbuild/win32-arm64@0.21.5':
    resolution: {integrity: sha512-Z0gOTd75VvXqyq7nsl93zwahcTROgqvuAcYDUr+vOv8uHhNSKROyU961kgtCD1e95IqPKSQKH7tBTslnS3tA8A==}
    engines: {node: '>=12'}
    cpu: [arm64]
    os: [win32]

  '@esbuild/win32-ia32@0.21.5':
    resolution: {integrity: sha512-SWXFF1CL2RVNMaVs+BBClwtfZSvDgtL//G/smwAc5oVK/UPu2Gu9tIaRgFmYFFKrmg3SyAjSrElf0TiJ1v8fYA==}
    engines: {node: '>=12'}
    cpu: [ia32]
    os: [win32]

  '@esbuild/win32-x64@0.21.5':
    resolution: {integrity: sha512-tQd/1efJuzPC6rCFwEvLtci/xNFcTZknmXs98FYDfGE4wP9ClFV98nyKrzJKVPMhdDnjzLhdUyMX4PsQAPjwIw==}
    engines: {node: '>=12'}
    cpu: [x64]
    os: [win32]

  '@johnsoncodehk/vscode-html-languageservice@5.2.0-34a5462':
    resolution: {integrity: sha512-etqLfpSJ5zaw76KUNF603be6d6QsiQPmaHr9FKEp4zhLZJzWCCMH6Icak7MtLUFLZLMpL761mZNImi/joBo1ZA==}

  '@types/node@20.14.2':
    resolution: {integrity: sha512-xyu6WAMVwv6AKFLB+e/7ySZVr/0zLCzOa7rSpq6jNwpqOrUbcACDWC+53d4n2QHOnDou0fbIsg8wZu/sxrnI4Q==}

  '@types/vscode@1.90.0':
    resolution: {integrity: sha512-oT+ZJL7qHS9Z8bs0+WKf/kQ27qWYR3trsXpq46YDjFqBsMLG4ygGGjPaJ2tyrH0wJzjOEmDyg9PDJBBhWg9pkQ==}

  '@volar/language-core@2.3.0':
    resolution: {integrity: sha512-pvhL24WUh3VDnv7Yw5N1sjhPtdx7q9g+Wl3tggmnkMcyK8GcCNElF2zHiKznryn0DiUGk+eez/p2qQhz+puuHw==}

  '@volar/language-server@2.3.0':
    resolution: {integrity: sha512-KXujrZoBd4lhdL+N+4bwsPbDZy8/zFyZSiyqLr6uIbSxJC/njRznQx5u5y5Txw5hbNuQCCR9B8EPv2jjKUbyeA==}

  '@volar/language-service@2.3.0':
    resolution: {integrity: sha512-U0ggeoHh4afYflGD2vjw8QPwnnDg5V4QDkZ5meL+B2YwrXEF9bVAHTjYaR8AxJ2qb3mwOwXLtZ9psJJSjkdctw==}

  '@volar/snapshot-document@2.3.0':
    resolution: {integrity: sha512-0dBMaxElxYOX9eSRjpIM5+cV0aqrypArJwjCzc/gQ3E1H+MEAi3YpAzUyLxG8aSidUm8msUWZc4X+gP/rSIeng==}

  '@volar/source-map@2.3.0':
    resolution: {integrity: sha512-G/228aZjAOGhDjhlyZ++nDbKrS9uk+5DMaEstjvzglaAw7nqtDyhnQAsYzUg6BMP9BtwZ59RIw5HGePrutn00Q==}

  '@volar/typescript@2.3.0':
    resolution: {integrity: sha512-PtUwMM87WsKVeLJN33GSTUjBexlKfKgouWlOUIv7pjrOnTwhXHZNSmpc312xgXdTjQPpToK6KXSIcKu9sBQ5LQ==}

  '@volar/vscode@2.3.0':
    resolution: {integrity: sha512-0e+W6ae9TyFanqcni+XKkPiGk5V19Czg65OeA9Xj9uycRLi+6jC1XcHQrw3ecgOxKZHMma/Ws/ADjWWyHyN2Zw==}

  '@vscode/emmet-helper@2.9.3':
    resolution: {integrity: sha512-rB39LHWWPQYYlYfpv9qCoZOVioPCftKXXqrsyqN1mTWZM6dTnONT63Db+03vgrBbHzJN45IrgS/AGxw9iiqfEw==}

  '@vscode/l10n@0.0.18':
    resolution: {integrity: sha512-KYSIHVmslkaCDyw013pphY+d7x1qV8IZupYfeIfzNA+nsaWHbn5uPuQRvdRFsa9zFzGeudPuoGoZ1Op4jrJXIQ==}

  ansi-styles@3.2.1:
    resolution: {integrity: sha512-VT0ZI6kZRdTh8YyJw3SMbYm/u+NqfsAxEpWO0Pf9sq8/e94WxxOpPKx9FR1FlyCtOVDNOQ+8ntlqFxiRc+r5qA==}
    engines: {node: '>=4'}

  argparse@2.0.1:
    resolution: {integrity: sha512-8+9WqebbFzpX9OR+Wa6O29asIogeRMzcGtAINdpMHHyAg10f05aSFVBbcEqGf/PXw1EjAZ+q2/bEBg3DvurK3Q==}

  azure-devops-node-api@11.2.0:
    resolution: {integrity: sha512-XdiGPhrpaT5J8wdERRKs5g8E0Zy1pvOYTli7z9E8nmOn3YGp4FhtjhrOyFmX/8veWCwdI69mCHKJw6l+4J/bHA==}

  balanced-match@1.0.2:
    resolution: {integrity: sha512-3oSeUO0TMV67hN1AmbXsK4yaqU7tjiHlbxRDZOpH0KW9+CeX4bRAaX0Anxt0tx2MrpRpWwQaPwIlISEJhYU5Pw==}

  base64-js@1.5.1:
    resolution: {integrity: sha512-AKpaYlHn8t4SVbOHCy+b5+KKgvR4vrsD8vbvrbiQJps7fKDTkjkDry6ji0rUJjC0kzbNePLwzxq8iypo41qeWA==}

  bl@4.1.0:
    resolution: {integrity: sha512-1W07cM9gS6DcLperZfFSj+bWLtaPGSOHWhPiGzXmvVJbRLdG82sH/Kn8EtW1VqWVA54AKf2h5k5BbnIbwF3h6w==}

  boolbase@1.0.0:
    resolution: {integrity: sha512-JZOSA7Mo9sNGB8+UjSgzdLtokWAky1zbztM3WRLCbZ70/3cTANmQmOdR7y2g+J0e2WXywy1yS468tY+IruqEww==}

  brace-expansion@1.1.11:
    resolution: {integrity: sha512-iCuPHDFgrHX7H2vEI/5xpz07zSHB00TpugqhmYtVmMO6518mCuRMoOYFldEBl0g187ufozdaHgWKcYFb61qGiA==}

  brace-expansion@2.0.1:
    resolution: {integrity: sha512-XnAIvQ8eM+kC6aULx6wuQiwVsnzsi9d3WxzV3FpWTGA19F621kwdbsAcFKXgKUHZWsy+mY6iL1sHTxWEFCytDA==}

  buffer-crc32@0.2.13:
    resolution: {integrity: sha512-VO9Ht/+p3SN7SKWqcrgEzjGbRSJYTx+Q1pTQC0wrWqHx0vpJraQ6GtHx8tvcg1rlK1byhU5gccxgOgj7B0TDkQ==}

  buffer@5.7.1:
    resolution: {integrity: sha512-EHcyIPBQ4BSGlvjB16k5KgAJ27CIsHY/2JBmCRReo48y9rQ3MaUzWX3KVlBa4U7MyX02HdVj0K7C3WaB3ju7FQ==}

  call-bind@1.0.7:
    resolution: {integrity: sha512-GHTSNSYICQ7scH7sZ+M2rFopRoLh8t2bLSW6BbgrtLsahOIB5iyAVJf9GjWK3cYTDaMj4XdBpM1cA6pIS0Kv2w==}
    engines: {node: '>= 0.4'}

  chalk@2.4.2:
    resolution: {integrity: sha512-Mti+f9lpJNcwF4tWV8/OrTTtF1gZi+f8FqlyAdouralcFWFQWF2+NgCHShjkCb+IFBLq9buZwE1xckQU4peSuQ==}
    engines: {node: '>=4'}

  cheerio-select@2.1.0:
    resolution: {integrity: sha512-9v9kG0LvzrlcungtnJtpGNxY+fzECQKhK4EGJX2vByejiMX84MFNQw4UxPJl3bFbTMw+Dfs37XaIkCwTZfLh4g==}

  cheerio@1.0.0-rc.12:
    resolution: {integrity: sha512-VqR8m68vM46BNnuZ5NtnGBKIE/DfN0cRIzg9n40EIq9NOv90ayxLBXA8fXC5gquFRGJSTRqBq25Jt2ECLR431Q==}
    engines: {node: '>= 6'}

  chownr@1.1.4:
    resolution: {integrity: sha512-jJ0bqzaylmJtVnNgzTeSOs8DPavpbYgEr/b0YL8/2GO3xJEhInFmhKMUnEJQjZumK7KXGFhUy89PrsJWlakBVg==}

  color-convert@1.9.3:
    resolution: {integrity: sha512-QfAUtd+vFdAtFQcC8CCyYt1fYWxSqAiK2cSD6zDB8N3cpsEBAvRxp9zOGg6G/SHHJYAT88/az/IuDGALsNVbGg==}

  color-name@1.1.3:
    resolution: {integrity: sha512-72fSenhMw2HZMTVHeCA9KCmpEIbzWiQsjN+BHcBbS9vr1mtt+vJjPdksIBNUmKAW8TFUDPJK5SUU3QhE9NEXDw==}

  commander@6.2.1:
    resolution: {integrity: sha512-U7VdrJFnJgo4xjrHpTzu0yrHPGImdsmD95ZlgYSEajAn2JKzDhDTPG9kBTefmObL2w/ngeZnilk+OV9CG3d7UA==}
    engines: {node: '>= 6'}

  concat-map@0.0.1:
    resolution: {integrity: sha512-/Srv4dswyQNBfohGpz9o6Yb3Gz3SrUDqBH5rTuhGR7ahtlbYKnVxw2bCFMRljaA7EXHaXZ8wsHdodFvbkhKmqg==}

  css-select@5.1.0:
    resolution: {integrity: sha512-nwoRF1rvRRnnCqqY7updORDsuqKzqYJ28+oSMaJMMgOauh3fvwHqMS7EZpIPqK8GL+g9mKxF1vP/ZjSeNjEVHg==}

  css-what@6.1.0:
    resolution: {integrity: sha512-HTUrgRJ7r4dsZKU6GjmpfRK1O76h97Z8MfS1G0FozR+oF2kG6Vfe8JE6zwrkbxigziPHinCJ+gCPjA9EaBDtRw==}
    engines: {node: '>= 6'}

  decompress-response@6.0.0:
    resolution: {integrity: sha512-aW35yZM6Bb/4oJlZncMH2LCoZtJXTRxES17vE3hoRiowU2kWHaJKFkSBDnDR+cm9J+9QhXmREyIfv0pji9ejCQ==}
    engines: {node: '>=10'}

  deep-extend@0.6.0:
    resolution: {integrity: sha512-LOHxIOaPYdHlJRtCQfDIVZtfw/ufM8+rVj649RIHzcm/vGwQRXFt6OPqIFWsm2XEMrNIEtWR64sY1LEKD2vAOA==}
    engines: {node: '>=4.0.0'}

  define-data-property@1.1.4:
    resolution: {integrity: sha512-rBMvIzlpA8v6E+SJZoo++HAYqsLrkg7MSfIinMPFhmkorw7X+dOXVJQs+QT69zGkzMyfDnIMN2Wid1+NbL3T+A==}
    engines: {node: '>= 0.4'}

  detect-libc@2.0.3:
    resolution: {integrity: sha512-bwy0MGW55bG41VqxxypOsdSdGqLwXPI/focwgTYCFMbdUiBAxLg9CFzG08sz2aqzknwiX7Hkl0bQENjg8iLByw==}
    engines: {node: '>=8'}

  dom-serializer@2.0.0:
    resolution: {integrity: sha512-wIkAryiqt/nV5EQKqQpo3SToSOV9J0DnbJqwK7Wv/Trc92zIAYZ4FlMu+JPFW1DfGFt81ZTCGgDEabffXeLyJg==}

  domelementtype@2.3.0:
    resolution: {integrity: sha512-OLETBj6w0OsagBwdXnPdN0cnMfF9opN69co+7ZrbfPGrdpPVNBUj02spi6B1N7wChLQiPn4CSH/zJvXw56gmHw==}

  domhandler@5.0.3:
    resolution: {integrity: sha512-cgwlv/1iFQiFnU96XXgROh8xTeetsnJiDsTc7TYCLFd9+/WNkIqPTxiM/8pSd8VIrhXGTf1Ny1q1hquVqDJB5w==}
    engines: {node: '>= 4'}

  domutils@3.1.0:
    resolution: {integrity: sha512-H78uMmQtI2AhgDJjWeQmHwJJ2bLPD3GMmO7Zja/ZZh84wkm+4ut+IUnUdRa8uCGX88DiVx1j6FRe1XfxEgjEZA==}

  emmet@2.4.7:
    resolution: {integrity: sha512-O5O5QNqtdlnQM2bmKHtJgyChcrFMgQuulI+WdiOw2NArzprUqqxUW6bgYtKvzKgrsYpuLWalOkdhNP+1jluhCA==}

  end-of-stream@1.4.4:
    resolution: {integrity: sha512-+uw1inIHVPQoaVuHzRyXd21icM+cnt4CzD5rW+NC1wjOUSTOs+Te7FOv7AhN7vS9x/oIyhLP5PR1H+phQAHu5Q==}

  entities@2.1.0:
    resolution: {integrity: sha512-hCx1oky9PFrJ611mf0ifBLBRW8lUUVRlFolb5gWRfIELabBlbp9xZvrqZLZAs+NxFnbfQoeGd8wDkygjg7U85w==}

  entities@4.5.0:
    resolution: {integrity: sha512-V0hjH4dGPh9Ao5p0MoRY6BVqtwCjhz6vI5LT8AJ55H+4g9/4vbHx1I54fS0XuclLhDHArPQCiMjDxjaL8fPxhw==}
    engines: {node: '>=0.12'}

  es-define-property@1.0.0:
    resolution: {integrity: sha512-jxayLKShrEqqzJ0eumQbVhTYQM27CfT1T35+gCgDFoL82JLsXqTJ76zv6A0YLOgEnLUMvLzsDsGIrl8NFpT2gQ==}
    engines: {node: '>= 0.4'}

  es-errors@1.3.0:
    resolution: {integrity: sha512-Zf5H2Kxt2xjTvbJvP2ZWLEICxA6j+hAmMzIlypy4xcBg1vKVnx89Wy0GbS+kf5cwCVFFzdCFh2XSCFNULS6csw==}
    engines: {node: '>= 0.4'}

  esbuild@0.21.5:
    resolution: {integrity: sha512-mg3OPMV4hXywwpoDxu3Qda5xCKQi+vCTZq8S9J/EpkhB2HzKXq4SNFZE3+NK93JYxc8VMSep+lOUSC/RVKaBqw==}
    engines: {node: '>=12'}
    hasBin: true

  escape-string-regexp@1.0.5:
    resolution: {integrity: sha512-vbRorB5FUQWvla16U8R/qgaFIya2qGzwDrNmCZuYKrbdSUMG6I1ZCGQRefkRVhuOkIGVne7BQ35DSfo1qvJqFg==}
    engines: {node: '>=0.8.0'}

  expand-template@2.0.3:
    resolution: {integrity: sha512-XYfuKMvj4O35f/pOXLObndIRvyQ+/+6AhODh+OKWj9S9498pHHn/IMszH+gt0fBCRWMNfk1ZSp5x3AifmnI2vg==}
    engines: {node: '>=6'}

  fd-slicer@1.1.0:
    resolution: {integrity: sha512-cE1qsB/VwyQozZ+q1dGxR8LBYNZeofhEdUNGSMbQD3Gw2lAzX9Zb3uIU6Ebc/Fmyjo9AWWfnn0AUCHqtevs/8g==}

  fs-constants@1.0.0:
    resolution: {integrity: sha512-y6OAwoSIf7FyjMIv94u+b5rdheZEjzR63GTyZJm5qh4Bi+2YgwLCcI/fPFZkL5PSixOt6ZNKm+w+Hfp/Bciwow==}

  fs.realpath@1.0.0:
    resolution: {integrity: sha512-OO0pH2lK6a0hZnAdau5ItzHPI6pUlvI7jMVnxUQRtw4owF2wk8lOSabtGDCTP4Ggrg2MbGnWO9X8K1t4+fGMDw==}

  function-bind@1.1.2:
    resolution: {integrity: sha512-7XHNxH7qX9xG5mIwxkhumTox/MIRNcOgDrxWsMt2pAr23WHp6MrRlN7FBSFpCpr+oVO0F744iUgR82nJMfG2SA==}

  get-intrinsic@1.2.4:
    resolution: {integrity: sha512-5uYhsJH8VJBTv7oslg4BznJYhDoRI6waYCxMmCdnTrcCrHA/fCFKoTFz2JKKE0HdDFUF7/oQuhzumXJK7paBRQ==}
    engines: {node: '>= 0.4'}

  github-from-package@0.0.0:
    resolution: {integrity: sha512-SyHy3T1v2NUXn29OsWdxmK6RwHD+vkj3v8en8AOBZ1wBQ/hCAQ5bAQTD02kW4W9tUp/3Qh6J8r9EvntiyCmOOw==}

  glob@7.2.3:
    resolution: {integrity: sha512-nFR0zLpU2YCaRxwoCJvL6UvCH2JFyFVIvwTLsIf21AuHlMskA1hhTdk+LlYJtOlYt9v6dvszD2BGRqBL+iQK9Q==}
    deprecated: Glob versions prior to v9 are no longer supported

  gopd@1.0.1:
    resolution: {integrity: sha512-d65bNlIadxvpb/A2abVdlqKqV563juRnZ1Wtk6s1sIR8uNsXR70xqIzVqxVf1eTqDunwT2MkczEeaezCKTZhwA==}

  has-flag@3.0.0:
    resolution: {integrity: sha512-sKJf1+ceQBr4SMkvQnBDNDtf4TXpVhVGateu0t918bl30FnbE2m4vNLX+VWe/dpjlb+HugGYzW7uQXH98HPEYw==}
    engines: {node: '>=4'}

  has-property-descriptors@1.0.2:
    resolution: {integrity: sha512-55JNKuIW+vq4Ke1BjOTjM2YctQIvCT7GFzHwmfZPGo5wnrgkid0YQtnAleFSqumZm4az3n2BS+erby5ipJdgrg==}

  has-proto@1.0.3:
    resolution: {integrity: sha512-SJ1amZAJUiZS+PhsVLf5tGydlaVB8EdFpaSO4gmiUKUOxk8qzn5AIy4ZeJUmh22znIdk/uMAUT2pl3FxzVUH+Q==}
    engines: {node: '>= 0.4'}

  has-symbols@1.0.3:
    resolution: {integrity: sha512-l3LCuF6MgDNwTDKkdYGEihYjt5pRPbEg46rtlmnSPlUbgmB8LOIrKJbYYFBSbnPaJexMKtiPO8hmeRjRz2Td+A==}
    engines: {node: '>= 0.4'}

  hasown@2.0.2:
    resolution: {integrity: sha512-0hJU9SCPvmMzIBdZFqNPXWa6dqh7WdH0cII9y+CyS8rG3nL48Bclra9HmKhVVUHyPWNH5Y7xDwAB7bfgSjkUMQ==}
    engines: {node: '>= 0.4'}

  hosted-git-info@4.1.0:
    resolution: {integrity: sha512-kyCuEOWjJqZuDbRHzL8V93NzQhwIB71oFWSyzVo+KPZI+pnQPPxucdkrOZvkLRnrf5URsQM+IJ09Dw29cRALIA==}
    engines: {node: '>=10'}

  htmlparser2@8.0.2:
    resolution: {integrity: sha512-GYdjWKDkbRLkZ5geuHs5NY1puJ+PXwP7+fHPRz06Eirsb9ugf6d8kkXav6ADhcODhFFPMIXyxkxSuMf3D6NCFA==}

  ieee754@1.2.1:
    resolution: {integrity: sha512-dcyqhDvX1C46lXZcVqCpK+FtMRQVdIMN6/Df5js2zouUsqG7I6sFxitIC+7KYK29KdXOLHdu9zL4sFnoVQnqaA==}

  inflight@1.0.6:
    resolution: {integrity: sha512-k92I/b08q4wvFscXCLvqfsHCrjrF7yiXsQuIVvVE7N82W3+aqpzuUdBbfhWcy/FZR3/4IgflMgKLOsvPDrGCJA==}
    deprecated: This module is not supported, and leaks memory. Do not use it. Check out lru-cache if you want a good and tested way to coalesce async requests by a key value, which is much more comprehensive and powerful.

  inherits@2.0.4:
    resolution: {integrity: sha512-k/vGaX4/Yla3WzyMCvTQOXYeIHvqOKtnqBduzTHpzpQZzAskKMhZ2K+EnBiSM9zGSoIFeMpXKxa4dYeZIQqewQ==}

  ini@1.3.8:
    resolution: {integrity: sha512-JV/yugV2uzW5iMRSiZAyDtQd+nxtUnjeLt0acNdw98kKLrvuRVyB80tsREOE7yvGVgalhZ6RNXCmEHkUKBKxew==}

  jsonc-parser@2.3.1:
    resolution: {integrity: sha512-H8jvkz1O50L3dMZCsLqiuB2tA7muqbSg1AtGEkN0leAqGjsUzDJir3Zwr02BhqdcITPg3ei3mZ+HjMocAknhhg==}

  keytar@7.9.0:
    resolution: {integrity: sha512-VPD8mtVtm5JNtA2AErl6Chp06JBfy7diFQ7TQQhdpWOl6MrCRB+eRbvAZUsbGQS9kiMq0coJsy0W0vHpDCkWsQ==}

  leven@3.1.0:
    resolution: {integrity: sha512-qsda+H8jTaUaN/x5vzW2rzc+8Rw4TAQ/4KjB46IwK5VH+IlVeeeje/EoZRpiXvIqjFgK84QffqPztGI3VBLG1A==}
    engines: {node: '>=6'}

  linkify-it@3.0.3:
    resolution: {integrity: sha512-ynTsyrFSdE5oZ/O9GEf00kPngmOfVwazR5GKDq6EYfhlpFug3J2zybX56a2PRRpc9P+FuSoGNAwjlbDs9jJBPQ==}

  lru-cache@6.0.0:
    resolution: {integrity: sha512-Jo6dJ04CmSjuznwJSS3pUeWmd/H0ffTlkXXgwZi+eq1UCmqQwCh+eLsYOYCwY991i2Fah4h1BEMCx4qThGbsiA==}
    engines: {node: '>=10'}

  markdown-it@12.3.2:
    resolution: {integrity: sha512-TchMembfxfNVpHkbtriWltGWc+m3xszaRD0CZup7GFFhzIgQqxIfn3eGj1yZpfuflzPvfkt611B2Q/Bsk1YnGg==}
    hasBin: true

  mdurl@1.0.1:
    resolution: {integrity: sha512-/sKlQJCBYVY9Ers9hqzKou4H6V5UWc/M59TH2dvkt+84itfnq7uFOMLpOiOS4ujvHP4etln18fmIxA5R5fll0g==}

  mime@1.6.0:
    resolution: {integrity: sha512-x0Vn8spI+wuJ1O6S7gnbaQg8Pxh4NNHb7KSINmEWKiPE4RKOplvijn+NkmYmmRgP68mc70j2EbeTFRsrswaQeg==}
    engines: {node: '>=4'}
    hasBin: true

  mimic-response@3.1.0:
    resolution: {integrity: sha512-z0yWI+4FDrrweS8Zmt4Ej5HdJmky15+L2e6Wgn3+iK5fWzb6T3fhNFq2+MeTRb064c6Wr4N/wv0DzQTjNzHNGQ==}
    engines: {node: '>=10'}

  minimatch@3.1.2:
    resolution: {integrity: sha512-J7p63hRiAjw1NDEww1W7i37+ByIrOWO5XQQAzZ3VOcL0PNybwpfmV/N05zFAzwQ9USyEcX6t3UO+K5aqBQOIHw==}

  minimatch@5.1.6:
    resolution: {integrity: sha512-lKwV/1brpG6mBUFHtb7NUmtABCb2WZZmm2wNiOA5hAb8VdCS4B3dtMWyvcoViccwAW/COERjXLt0zP1zXUN26g==}
    engines: {node: '>=10'}

  minimist@1.2.8:
    resolution: {integrity: sha512-2yyAR8qBkN3YuheJanUpWC5U3bb5osDywNB8RzDVlDwDHbocAJveqqj1u8+SVD7jkWT4yvsHCpWqqWqAxb0zCA==}

  mkdirp-classic@0.5.3:
    resolution: {integrity: sha512-gKLcREMhtuZRwRAfqP3RFW+TK4JqApVBtOIftVgjuABpAtpxhPGaDcfvbhNvD0B8iD1oUr/txX35NjcaY6Ns/A==}

  muggle-string@0.4.1:
    resolution: {integrity: sha512-VNTrAak/KhO2i8dqqnqnAHOa3cYBwXEZe9h+D5h/1ZqFSTEFHdM65lR7RoIqq3tBBYavsOXV84NoHXZ0AkPyqQ==}

  mute-stream@0.0.8:
    resolution: {integrity: sha512-nnbWWOkoWyUsTjKrhgD0dcz22mdkSnpYqbEjIm2nhwhuxlSkpywJmBo8h0ZqJdkp73mb90SssHkN4rsRaBAfAA==}

  napi-build-utils@1.0.2:
    resolution: {integrity: sha512-ONmRUqK7zj7DWX0D9ADe03wbwOBZxNAfF20PlGfCWQcD3+/MakShIHrMqx9YwPTfxDdF1zLeL+RGZiR9kGMLdg==}

  node-abi@3.63.0:
    resolution: {integrity: sha512-vAszCsOUrUxjGAmdnM/pq7gUgie0IRteCQMX6d4A534fQCR93EJU5qgzBvU6EkFfK27s0T3HEV3BOyJIr7OMYw==}
    engines: {node: '>=10'}

  node-addon-api@4.3.0:
    resolution: {integrity: sha512-73sE9+3UaLYYFmDsFZnqCInzPyh3MqIwZO9cw58yIqAZhONrrabrYyYe3TuIqtIiOuTXVhsGau8hcrhhwSsDIQ==}

  nth-check@2.1.1:
    resolution: {integrity: sha512-lqjrjmaOoAnWfMmBPL+XNnynZh2+swxiX3WUE0s4yEHI6m+AwrK2UZOimIRl3X/4QctVqS8AiZjFqyOGrMXb/w==}

  object-inspect@1.13.1:
    resolution: {integrity: sha512-5qoj1RUiKOMsCCNLV1CBiPYE10sziTsnmNxkAI/rZhiD63CF7IqdFGC/XzjWjpSgLf0LxXX3bDFIh0E18f6UhQ==}

  once@1.4.0:
    resolution: {integrity: sha512-lNaJgI+2Q5URQBkccEKHTQOPaXdUxnZZElQTZY0MFUAuaEqe1E+Nyvgdz/aIyNi6Z9MzO5dv1H8n58/GELp3+w==}

  parse-semver@1.1.1:
    resolution: {integrity: sha512-Eg1OuNntBMH0ojvEKSrvDSnwLmvVuUOSdylH/pSCPNMIspLlweJyIWXCE+k/5hm3cj/EBUYwmWkjhBALNP4LXQ==}

  parse5-htmlparser2-tree-adapter@7.0.0:
    resolution: {integrity: sha512-B77tOZrqqfUfnVcOrUvfdLbz4pu4RopLD/4vmu3HUPswwTA8OH0EMW9BlWR2B0RCoiZRAHEUu7IxeP1Pd1UU+g==}

  parse5@7.1.2:
    resolution: {integrity: sha512-Czj1WaSVpaoj0wbhMzLmWD69anp2WH7FXMB9n1Sy8/ZFF9jolSQVMu1Ij5WIyGmcBmhk7EOndpO4mIpihVqAXw==}

  path-browserify@1.0.1:
    resolution: {integrity: sha512-b7uo2UCUOYZcnF/3ID0lulOJi/bafxa1xPe7ZPsammBSpjSWQkjNxlt635YGS2MiR9GjvuXCtz2emr3jbsz98g==}

  path-is-absolute@1.0.1:
    resolution: {integrity: sha512-AVbw3UJ2e9bq64vSaS9Am0fje1Pa8pbGqTTsmXfaIiMpnr5DlDhfJOuLj9Sf95ZPVDAUerDfEk88MPmPe7UCQg==}
    engines: {node: '>=0.10.0'}

  pend@1.2.0:
    resolution: {integrity: sha512-F3asv42UuXchdzt+xXqfW1OGlVBe+mxa2mqI0pg5yAHZPvFmY3Y6drSf/GQ1A86WgWEN9Kzh/WrgKa6iGcHXLg==}

  prebuild-install@7.1.2:
    resolution: {integrity: sha512-UnNke3IQb6sgarcZIDU3gbMeTp/9SSU1DAIkil7PrqG1vZlBtY5msYccSKSHDqa3hNg436IXK+SNImReuA1wEQ==}
    engines: {node: '>=10'}
    hasBin: true

  pump@3.0.0:
    resolution: {integrity: sha512-LwZy+p3SFs1Pytd/jYct4wpv49HiYCqd9Rlc5ZVdk0V+8Yzv6jR5Blk3TRmPL1ft69TxP0IMZGJ+WPFU2BFhww==}

  qs@6.12.1:
    resolution: {integrity: sha512-zWmv4RSuB9r2mYQw3zxQuHWeU+42aKi1wWig/j4ele4ygELZ7PEO6MM7rim9oAQH2A5MWfsAVf/jPvTPgCbvUQ==}
    engines: {node: '>=0.6'}

  rc@1.2.8:
    resolution: {integrity: sha512-y3bGgqKj3QBdxLbLkomlohkvsA8gdAiUQlSBJnBhfn+BPxg4bc62d8TcBW15wavDfgexCgccckhcZvywyQYPOw==}
    hasBin: true

  read@1.0.7:
    resolution: {integrity: sha512-rSOKNYUmaxy0om1BNjMN4ezNT6VKK+2xF4GBhc81mkH7L60i6dp8qPYrkndNLT3QPphoII3maL9PVC9XmhHwVQ==}
    engines: {node: '>=0.8'}

  readable-stream@3.6.2:
    resolution: {integrity: sha512-9u/sniCrY3D5WdsERHzHE4G2YCXqoG5FTHUiCC4SIbr6XcLZBY05ya9EKjYek9O5xOAwjGq+1JdGBAS7Q9ScoA==}
    engines: {node: '>= 6'}

  request-light@0.7.0:
    resolution: {integrity: sha512-lMbBMrDoxgsyO+yB3sDcrDuX85yYt7sS8BfQd11jtbW/z5ZWgLZRcEGLsLoYw7I0WSUGQBs8CC8ScIxkTX1+6Q==}

  safe-buffer@5.2.1:
    resolution: {integrity: sha512-rp3So07KcdmmKbGvgaNxQSJr7bGVSVk5S9Eq1F+ppbRo70+YeaDxkw5Dd8NPN+GD6bjnYm2VuPuCXmpuYvmCXQ==}

  sax@1.4.1:
    resolution: {integrity: sha512-+aWOz7yVScEGoKNd4PA10LZ8sk0A/z5+nXQG5giUO5rprX9jgYsTdov9qCchZiPIZezbZH+jRut8nPodFAX4Jg==}

  semver@5.7.2:
    resolution: {integrity: sha512-cBznnQ9KjJqU67B52RMC65CMarK2600WFnbkcaiwWq3xy/5haFJlshgnpjovMVJ+Hff49d8GEn0b87C5pDQ10g==}
    hasBin: true

  semver@7.6.2:
    resolution: {integrity: sha512-FNAIBWCx9qcRhoHcgcJ0gvU7SN1lYU2ZXuSfl04bSC5OpvDHFyJCjdNHomPXxjQlCBU67YW64PzY7/VIEH7F2w==}
    engines: {node: '>=10'}
    hasBin: true

  set-function-length@1.2.2:
    resolution: {integrity: sha512-pgRc4hJ4/sNjWCSS9AmnS40x3bNMDTknHgL5UaMBTMyJnU90EgWh1Rz+MC9eFu4BuN/UwZjKQuY/1v3rM7HMfg==}
    engines: {node: '>= 0.4'}

  side-channel@1.0.6:
    resolution: {integrity: sha512-fDW/EZ6Q9RiO8eFG8Hj+7u/oW+XrPTIChwCOM2+th2A6OblDtYYIpve9m+KvI9Z4C9qSEXlaGR6bTEYHReuglA==}
    engines: {node: '>= 0.4'}

  simple-concat@1.0.1:
    resolution: {integrity: sha512-cSFtAPtRhljv69IK0hTVZQ+OfE9nePi/rtJmw5UjHeVyVroEqJXP1sFztKUy1qU+xvz3u/sfYJLa947b7nAN2Q==}

  simple-get@4.0.1:
    resolution: {integrity: sha512-brv7p5WgH0jmQJr1ZDDfKDOSeWWg+OVypG99A/5vYGPqJ6pxiaHLy8nxtFjBA7oMa01ebA9gfh1uMCFqOuXxvA==}

  string_decoder@1.3.0:
    resolution: {integrity: sha512-hkRX8U1WjJFd8LsDJ2yQ/wWWxaopEsABU1XfkM8A+j0+85JAGppt16cr1Whg6KIbb4okU6Mql6BOj+uup/wKeA==}

  strip-json-comments@2.0.1:
    resolution: {integrity: sha512-4gB8na07fecVVkOI6Rs4e7T6NOTki5EmL7TUduTs6bu3EdnSycntVJ4re8kgZA+wx9IueI2Y11bfbgwtzuE0KQ==}
    engines: {node: '>=0.10.0'}

  supports-color@5.5.0:
    resolution: {integrity: sha512-QjVjwdXIt408MIiAqCX4oUKsgU2EqAGzs2Ppkm4aQYbjm+ZEWEcW4SfFNTr4uMNZma0ey4f5lgLrkB0aX0QMow==}
    engines: {node: '>=4'}

  tar-fs@2.1.1:
    resolution: {integrity: sha512-V0r2Y9scmbDRLCNex/+hYzvp/zyYjvFbHPNgVTKfQvVrb6guiE/fxP+XblDNR011utopbkex2nM4dHNV6GDsng==}

  tar-stream@2.2.0:
    resolution: {integrity: sha512-ujeqbceABgwMZxEJnk2HDY2DlnUZ+9oEcb1KzTVfYHio0UE6dG71n60d8D2I4qNvleWrrXpmjpt7vZeF1LnMZQ==}
    engines: {node: '>=6'}

  tmp@0.2.3:
    resolution: {integrity: sha512-nZD7m9iCPC5g0pYmcaxogYKggSfLsdxl8of3Q/oIbqCqLLIO9IAF0GWjX1z9NZRHPiXv8Wex4yDCaZsgEw0Y8w==}
    engines: {node: '>=14.14'}

  tunnel-agent@0.6.0:
    resolution: {integrity: sha512-McnNiV1l8RYeY8tBgEpuodCC1mLUdbSN+CYBL7kJsJNInOP8UjDDEwdk6Mw60vdLLrr5NHKZhMAOSrR2NZuQ+w==}

  tunnel@0.0.6:
    resolution: {integrity: sha512-1h/Lnq9yajKY2PEbBadPXj3VxsDDu844OnaAo52UVmIzIvwwtBPIuNvkjuzBlTWpfJyUbG3ez0KSBibQkj4ojg==}
    engines: {node: '>=0.6.11 <=0.7.0 || >=0.7.3'}

  typed-rest-client@1.8.11:
    resolution: {integrity: sha512-5UvfMpd1oelmUPRbbaVnq+rHP7ng2cE4qoQkQeAqxRL6PklkxsM0g32/HL0yfvruK6ojQ5x8EE+HF4YV6DtuCA==}

  typescript-auto-import-cache@0.3.2:
    resolution: {integrity: sha512-+laqe5SFL1vN62FPOOJSUDTZxtgsoOXjneYOXIpx5rQ4UMiN89NAtJLpqLqyebv9fgQ/IMeeTX+mQyRnwvJzvg==}

  typescript@5.4.5:
    resolution: {integrity: sha512-vcI4UpRgg81oIRUFwR0WSIHKt11nJ7SAVlYNIu+QpqeyXP+gpQJy/Z4+F0aGxSE4MqwjyXvW/TzgkLAx2AGHwQ==}
    engines: {node: '>=14.17'}
    hasBin: true

  uc.micro@1.0.6:
    resolution: {integrity: sha512-8Y75pvTYkLJW2hWQHXxoqRgV7qb9B+9vFEtidML+7koHUFapnVJAZ6cKs+Qjz5Aw3aZWHMC6u0wJE3At+nSGwA==}

  underscore@1.13.6:
    resolution: {integrity: sha512-+A5Sja4HP1M08MaXya7p5LvjuM7K6q/2EaC0+iovj/wOcMsTzMvDFbasi/oSapiwOlt252IqsKqPjCl7huKS0A==}

  undici-types@5.26.5:
    resolution: {integrity: sha512-JlCMO+ehdEIKqlFxk6IfVoAUVmgz7cU7zD/h9XZ0qzeosSHmUJVOzSQvvYSYWXkFXC+IfLKSIffhv0sVZup6pA==}

  url-join@4.0.1:
    resolution: {integrity: sha512-jk1+QP6ZJqyOiuEI9AEWQfju/nB2Pw466kbA0LEZljHwKeMgd9WrAEgEGxjPDD2+TNbbb37rTyhEfrCXfuKXnA==}

  util-deprecate@1.0.2:
    resolution: {integrity: sha512-EPD5q1uXyFxJpCrLnCc1nHnq3gOa6DZBocAIiI2TaSCA7VCJ1UJDMagCzIkXNsUYfD1daK//LTEQ8xiIbrHtcw==}

  volar-service-css@0.0.51:
    resolution: {integrity: sha512-mHF33Aj6R0JOzzuxQZ7hCwXDohGkOzUN6zhCIcd6kCZvZ/lj78d+XCDF3GZVYJWaDwuTUY22tIEFpbXmLVmiXw==}
    peerDependencies:
      '@volar/language-service': ~2.3.0
    peerDependenciesMeta:
      '@volar/language-service':
        optional: true

  volar-service-emmet@0.0.50:
    resolution: {integrity: sha512-W70iT0lkiyERXTTQMgQhRP0fqW0JO2Kn4JUWvWTLblRvYPKJ7MxWQKwVQN+ng3L9U6fZCkrd2P3FN00Tl8M4Qw==}
    peerDependencies:
      '@volar/language-service': ~2.3.0-alpha.5
    peerDependenciesMeta:
      '@volar/language-service':
        optional: true

  volar-service-html@0.0.50:
    resolution: {integrity: sha512-pcyQo1Pzxp5O27CIt66KjussUnKDmlTmI23L8DABOr7U7uNHV5bqzcDE8dOTHP2Jf5d0+TKAaUSWY9g5BcziQQ==}
    peerDependencies:
      '@volar/language-service': ~2.3.0-alpha.5
    peerDependenciesMeta:
      '@volar/language-service':
        optional: true

  volar-service-typescript@0.0.51:
    resolution: {integrity: sha512-nX59huoruBUxuAJ42UEOZ8UYHZddtza2IA0rxotKvO0MfHuPh84nqQpNYyAiNAzE46JDjdliIZkgEmabXIS/SQ==}
    peerDependencies:
      '@volar/language-service': ~2.3.0
    peerDependenciesMeta:
      '@volar/language-service':
        optional: true

  vsce@2.15.0:
    resolution: {integrity: sha512-P8E9LAZvBCQnoGoizw65JfGvyMqNGlHdlUXD1VAuxtvYAaHBKLBdKPnpy60XKVDAkQCfmMu53g+gq9FM+ydepw==}
    engines: {node: '>= 14'}
    deprecated: vsce has been renamed to @vscode/vsce. Install using @vscode/vsce instead.
    hasBin: true

  vscode-css-languageservice@6.2.14:
    resolution: {integrity: sha512-5UPQ9Y1sUTnuMyaMBpO7LrBkqjhEJb5eAwdUlDp+Uez8lry+Tspnk3+3p2qWS4LlNsr4p3v9WkZxUf1ltgFpgw==}

  vscode-html-languageservice@5.2.0:
    resolution: {integrity: sha512-cdNMhyw57/SQzgUUGSIMQ66jikqEN6nBNyhx5YuOyj9310+eY9zw8Q0cXpiKzDX8aHYFewQEXRnigl06j/TVwQ==}

  vscode-jsonrpc@8.2.0:
    resolution: {integrity: sha512-C+r0eKJUIfiDIfwJhria30+TYWPtuHJXHtI7J0YlOmKAo7ogxP20T0zxB7HZQIFhIyvoBPwWskjxrvAtfjyZfA==}
    engines: {node: '>=14.0.0'}

  vscode-languageclient@9.0.1:
    resolution: {integrity: sha512-JZiimVdvimEuHh5olxhxkht09m3JzUGwggb5eRUkzzJhZ2KjCN0nh55VfiED9oez9DyF8/fz1g1iBV3h+0Z2EA==}
    engines: {vscode: ^1.82.0}

  vscode-languageserver-protocol@3.17.5:
    resolution: {integrity: sha512-mb1bvRJN8SVznADSGWM9u/b07H7Ecg0I3OgXDuLdn307rl/J3A9YD6/eYOssqhecL27hK1IPZAsaqh00i/Jljg==}

  vscode-languageserver-textdocument@1.0.11:
    resolution: {integrity: sha512-X+8T3GoiwTVlJbicx/sIAF+yuJAqz8VvwJyoMVhwEMoEKE/fkDmrqUgDMyBECcM2A2frVZIUj5HI/ErRXCfOeA==}

  vscode-languageserver-types@3.17.5:
    resolution: {integrity: sha512-Ld1VelNuX9pdF39h2Hgaeb5hEZM2Z3jUrrMgWQAu82jMtZp7p3vJT3BzToKtZI7NgQssZje5o0zryOrhQvzQAg==}

  vscode-languageserver@9.0.1:
    resolution: {integrity: sha512-woByF3PDpkHFUreUa7Hos7+pUWdeWMXRd26+ZX2A8cFx6v/JPTtd4/uN0/jB6XQHYaOlHbio03NTHCqrgG5n7g==}
    hasBin: true

  vscode-nls@5.2.0:
    resolution: {integrity: sha512-RAaHx7B14ZU04EU31pT+rKz2/zSl7xMsfIZuo8pd+KZO6PXtQmpevpq3vxvWNcrGbdmhM/rr5Uw5Mz+NBfhVng==}

  vscode-uri@2.1.2:
    resolution: {integrity: sha512-8TEXQxlldWAuIODdukIb+TR5s+9Ds40eSJrw+1iDDA9IFORPjMELarNQE3myz5XIkWWpdprmJjm1/SxMlWOC8A==}

  vscode-uri@3.0.8:
    resolution: {integrity: sha512-AyFQ0EVmsOZOlAnxoFOGOq1SQDWAB7C6aqMGS23svWAllfOaxbuFvcT8D1i8z3Gyn8fraVeZNNmN6e9bxxXkKw==}

  wrappy@1.0.2:
    resolution: {integrity: sha512-l4Sp/DRseor9wL6EvV2+TuQn63dMkPjZ/sp9XkghTEbV9KlPS1xUsZ3u7/IQO4wxtcFB4bgpQPRcR3QCvezPcQ==}

  xml2js@0.4.23:
    resolution: {integrity: sha512-ySPiMjM0+pLDftHgXY4By0uswI3SPKLDw/i3UXbnO8M/p28zqexCUoPmQFrYD+/1BzhGJSs2i1ERWKJAtiLrug==}
    engines: {node: '>=4.0.0'}

  xmlbuilder@11.0.1:
    resolution: {integrity: sha512-fDlsI/kFEx7gLvbecc0/ohLG50fugQp8ryHzMTuW9vSa1GJ0XYWKnhsUx7oie3G98+r56aTQIUB4kht42R3JvA==}
    engines: {node: '>=4.0'}

  yallist@4.0.0:
    resolution: {integrity: sha512-3wdGidZyq5PB084XLES5TpOSRA3wjXAlIWMhum2kRcv/41Sn2emQ0dycQW4uZXLejwKvg6EsvbdlVL+FYEct7A==}

  yauzl@2.10.0:
    resolution: {integrity: sha512-p4a9I6X6nu6IhoGmBqAcbJy1mlC4j27vEPZX9F4L4/vZT3Lyq1VkFHw/V/PUcB9Buo+DG3iHkT0x3Qya58zc3g==}

  yazl@2.5.1:
    resolution: {integrity: sha512-phENi2PLiHnHb6QBVot+dJnaAZ0xosj7p3fWl+znIjBDlnMI2PsZCJZ306BPTFOaHf5qdDEI8x5qFrSOBN5vrw==}

snapshots:

  '@emmetio/abbreviation@2.3.3':
    dependencies:
      '@emmetio/scanner': 1.0.4

  '@emmetio/css-abbreviation@2.1.8':
    dependencies:
      '@emmetio/scanner': 1.0.4

  '@emmetio/css-parser@0.4.0':
    dependencies:
      '@emmetio/stream-reader': 2.2.0
      '@emmetio/stream-reader-utils': 0.1.0

  '@emmetio/html-matcher@1.3.0':
    dependencies:
      '@emmetio/scanner': 1.0.4

  '@emmetio/scanner@1.0.4': {}

  '@emmetio/stream-reader-utils@0.1.0': {}

  '@emmetio/stream-reader@2.2.0': {}

  '@esbuild/aix-ppc64@0.21.5':
    optional: true

  '@esbuild/android-arm64@0.21.5':
    optional: true

  '@esbuild/android-arm@0.21.5':
    optional: true

  '@esbuild/android-x64@0.21.5':
    optional: true

  '@esbuild/darwin-arm64@0.21.5':
    optional: true

  '@esbuild/darwin-x64@0.21.5':
    optional: true

  '@esbuild/freebsd-arm64@0.21.5':
    optional: true

  '@esbuild/freebsd-x64@0.21.5':
    optional: true

  '@esbuild/linux-arm64@0.21.5':
    optional: true

  '@esbuild/linux-arm@0.21.5':
    optional: true

  '@esbuild/linux-ia32@0.21.5':
    optional: true

  '@esbuild/linux-loong64@0.21.5':
    optional: true

  '@esbuild/linux-mips64el@0.21.5':
    optional: true

  '@esbuild/linux-ppc64@0.21.5':
    optional: true

  '@esbuild/linux-riscv64@0.21.5':
    optional: true

  '@esbuild/linux-s390x@0.21.5':
    optional: true

  '@esbuild/linux-x64@0.21.5':
    optional: true

  '@esbuild/netbsd-x64@0.21.5':
    optional: true

  '@esbuild/openbsd-x64@0.21.5':
    optional: true

  '@esbuild/sunos-x64@0.21.5':
    optional: true

  '@esbuild/win32-arm64@0.21.5':
    optional: true

  '@esbuild/win32-ia32@0.21.5':
    optional: true

  '@esbuild/win32-x64@0.21.5':
    optional: true

  '@johnsoncodehk/vscode-html-languageservice@5.2.0-34a5462':
    dependencies:
      '@vscode/l10n': 0.0.18
      vscode-languageserver-textdocument: 1.0.11
      vscode-languageserver-types: 3.17.5
      vscode-uri: 3.0.8

  '@types/node@20.14.2':
    dependencies:
      undici-types: 5.26.5

  '@types/vscode@1.90.0': {}

  '@volar/language-core@2.3.0':
    dependencies:
      '@volar/source-map': 2.3.0

  '@volar/language-server@2.3.0':
    dependencies:
      '@volar/language-core': 2.3.0
      '@volar/language-service': 2.3.0
      '@volar/snapshot-document': 2.3.0
      '@volar/typescript': 2.3.0
      path-browserify: 1.0.1
      request-light: 0.7.0
      vscode-languageserver: 9.0.1
      vscode-languageserver-protocol: 3.17.5
      vscode-languageserver-textdocument: 1.0.11
      vscode-uri: 3.0.8

  '@volar/language-service@2.3.0':
    dependencies:
      '@volar/language-core': 2.3.0
      vscode-languageserver-protocol: 3.17.5
      vscode-languageserver-textdocument: 1.0.11
      vscode-uri: 3.0.8

  '@volar/snapshot-document@2.3.0':
    dependencies:
      vscode-languageserver-protocol: 3.17.5
      vscode-languageserver-textdocument: 1.0.11

  '@volar/source-map@2.3.0':
    dependencies:
      muggle-string: 0.4.1

  '@volar/typescript@2.3.0':
    dependencies:
      '@volar/language-core': 2.3.0
      path-browserify: 1.0.1
      vscode-uri: 3.0.8

  '@volar/vscode@2.3.0':
    dependencies:
      '@volar/language-server': 2.3.0
      path-browserify: 1.0.1
      vscode-languageclient: 9.0.1
      vscode-nls: 5.2.0

  '@vscode/emmet-helper@2.9.3':
    dependencies:
      emmet: 2.4.7
      jsonc-parser: 2.3.1
      vscode-languageserver-textdocument: 1.0.11
      vscode-languageserver-types: 3.17.5
      vscode-uri: 2.1.2

  '@vscode/l10n@0.0.18': {}

  ansi-styles@3.2.1:
    dependencies:
      color-convert: 1.9.3

  argparse@2.0.1: {}

  azure-devops-node-api@11.2.0:
    dependencies:
      tunnel: 0.0.6
      typed-rest-client: 1.8.11

  balanced-match@1.0.2: {}

  base64-js@1.5.1: {}

  bl@4.1.0:
    dependencies:
      buffer: 5.7.1
      inherits: 2.0.4
      readable-stream: 3.6.2

  boolbase@1.0.0: {}

  brace-expansion@1.1.11:
    dependencies:
      balanced-match: 1.0.2
      concat-map: 0.0.1

  brace-expansion@2.0.1:
    dependencies:
      balanced-match: 1.0.2

  buffer-crc32@0.2.13: {}

  buffer@5.7.1:
    dependencies:
      base64-js: 1.5.1
      ieee754: 1.2.1

  call-bind@1.0.7:
    dependencies:
      es-define-property: 1.0.0
      es-errors: 1.3.0
      function-bind: 1.1.2
      get-intrinsic: 1.2.4
      set-function-length: 1.2.2

  chalk@2.4.2:
    dependencies:
      ansi-styles: 3.2.1
      escape-string-regexp: 1.0.5
      supports-color: 5.5.0

  cheerio-select@2.1.0:
    dependencies:
      boolbase: 1.0.0
      css-select: 5.1.0
      css-what: 6.1.0
      domelementtype: 2.3.0
      domhandler: 5.0.3
      domutils: 3.1.0

  cheerio@1.0.0-rc.12:
    dependencies:
      cheerio-select: 2.1.0
      dom-serializer: 2.0.0
      domhandler: 5.0.3
      domutils: 3.1.0
      htmlparser2: 8.0.2
      parse5: 7.1.2
      parse5-htmlparser2-tree-adapter: 7.0.0

  chownr@1.1.4: {}

  color-convert@1.9.3:
    dependencies:
      color-name: 1.1.3

  color-name@1.1.3: {}

  commander@6.2.1: {}

  concat-map@0.0.1: {}

  css-select@5.1.0:
    dependencies:
      boolbase: 1.0.0
      css-what: 6.1.0
      domhandler: 5.0.3
      domutils: 3.1.0
      nth-check: 2.1.1

  css-what@6.1.0: {}

  decompress-response@6.0.0:
    dependencies:
      mimic-response: 3.1.0

  deep-extend@0.6.0: {}

  define-data-property@1.1.4:
    dependencies:
      es-define-property: 1.0.0
      es-errors: 1.3.0
      gopd: 1.0.1

  detect-libc@2.0.3: {}

  dom-serializer@2.0.0:
    dependencies:
      domelementtype: 2.3.0
      domhandler: 5.0.3
      entities: 4.5.0

  domelementtype@2.3.0: {}

  domhandler@5.0.3:
    dependencies:
      domelementtype: 2.3.0

  domutils@3.1.0:
    dependencies:
      dom-serializer: 2.0.0
      domelementtype: 2.3.0
      domhandler: 5.0.3

  emmet@2.4.7:
    dependencies:
      '@emmetio/abbreviation': 2.3.3
      '@emmetio/css-abbreviation': 2.1.8

  end-of-stream@1.4.4:
    dependencies:
      once: 1.4.0

  entities@2.1.0: {}

  entities@4.5.0: {}

  es-define-property@1.0.0:
    dependencies:
      get-intrinsic: 1.2.4

  es-errors@1.3.0: {}

  esbuild@0.21.5:
    optionalDependencies:
      '@esbuild/aix-ppc64': 0.21.5
      '@esbuild/android-arm': 0.21.5
      '@esbuild/android-arm64': 0.21.5
      '@esbuild/android-x64': 0.21.5
      '@esbuild/darwin-arm64': 0.21.5
      '@esbuild/darwin-x64': 0.21.5
      '@esbuild/freebsd-arm64': 0.21.5
      '@esbuild/freebsd-x64': 0.21.5
      '@esbuild/linux-arm': 0.21.5
      '@esbuild/linux-arm64': 0.21.5
      '@esbuild/linux-ia32': 0.21.5
      '@esbuild/linux-loong64': 0.21.5
      '@esbuild/linux-mips64el': 0.21.5
      '@esbuild/linux-ppc64': 0.21.5
      '@esbuild/linux-riscv64': 0.21.5
      '@esbuild/linux-s390x': 0.21.5
      '@esbuild/linux-x64': 0.21.5
      '@esbuild/netbsd-x64': 0.21.5
      '@esbuild/openbsd-x64': 0.21.5
      '@esbuild/sunos-x64': 0.21.5
      '@esbuild/win32-arm64': 0.21.5
      '@esbuild/win32-ia32': 0.21.5
      '@esbuild/win32-x64': 0.21.5

  escape-string-regexp@1.0.5: {}

  expand-template@2.0.3: {}

  fd-slicer@1.1.0:
    dependencies:
      pend: 1.2.0

  fs-constants@1.0.0: {}

  fs.realpath@1.0.0: {}

  function-bind@1.1.2: {}

  get-intrinsic@1.2.4:
    dependencies:
      es-errors: 1.3.0
      function-bind: 1.1.2
      has-proto: 1.0.3
      has-symbols: 1.0.3
      hasown: 2.0.2

  github-from-package@0.0.0: {}

  glob@7.2.3:
    dependencies:
      fs.realpath: 1.0.0
      inflight: 1.0.6
      inherits: 2.0.4
      minimatch: 3.1.2
      once: 1.4.0
      path-is-absolute: 1.0.1

  gopd@1.0.1:
    dependencies:
      get-intrinsic: 1.2.4

  has-flag@3.0.0: {}

  has-property-descriptors@1.0.2:
    dependencies:
      es-define-property: 1.0.0

  has-proto@1.0.3: {}

  has-symbols@1.0.3: {}

  hasown@2.0.2:
    dependencies:
      function-bind: 1.1.2

  hosted-git-info@4.1.0:
    dependencies:
      lru-cache: 6.0.0

  htmlparser2@8.0.2:
    dependencies:
      domelementtype: 2.3.0
      domhandler: 5.0.3
      domutils: 3.1.0
      entities: 4.5.0

  ieee754@1.2.1: {}

  inflight@1.0.6:
    dependencies:
      once: 1.4.0
      wrappy: 1.0.2

  inherits@2.0.4: {}

  ini@1.3.8: {}

  jsonc-parser@2.3.1: {}

  keytar@7.9.0:
    dependencies:
      node-addon-api: 4.3.0
      prebuild-install: 7.1.2

  leven@3.1.0: {}

  linkify-it@3.0.3:
    dependencies:
      uc.micro: 1.0.6

  lru-cache@6.0.0:
    dependencies:
      yallist: 4.0.0

  markdown-it@12.3.2:
    dependencies:
      argparse: 2.0.1
      entities: 2.1.0
      linkify-it: 3.0.3
      mdurl: 1.0.1
      uc.micro: 1.0.6

  mdurl@1.0.1: {}

  mime@1.6.0: {}

  mimic-response@3.1.0: {}

  minimatch@3.1.2:
    dependencies:
      brace-expansion: 1.1.11

  minimatch@5.1.6:
    dependencies:
      brace-expansion: 2.0.1

  minimist@1.2.8: {}

  mkdirp-classic@0.5.3: {}

  muggle-string@0.4.1: {}

  mute-stream@0.0.8: {}

  napi-build-utils@1.0.2: {}

  node-abi@3.63.0:
    dependencies:
      semver: 7.6.2

  node-addon-api@4.3.0: {}

  nth-check@2.1.1:
    dependencies:
      boolbase: 1.0.0

  object-inspect@1.13.1: {}

  once@1.4.0:
    dependencies:
      wrappy: 1.0.2

  parse-semver@1.1.1:
    dependencies:
      semver: 5.7.2

  parse5-htmlparser2-tree-adapter@7.0.0:
    dependencies:
      domhandler: 5.0.3
      parse5: 7.1.2

  parse5@7.1.2:
    dependencies:
      entities: 4.5.0

  path-browserify@1.0.1: {}

  path-is-absolute@1.0.1: {}

  pend@1.2.0: {}

  prebuild-install@7.1.2:
    dependencies:
      detect-libc: 2.0.3
      expand-template: 2.0.3
      github-from-package: 0.0.0
      minimist: 1.2.8
      mkdirp-classic: 0.5.3
      napi-build-utils: 1.0.2
      node-abi: 3.63.0
      pump: 3.0.0
      rc: 1.2.8
      simple-get: 4.0.1
      tar-fs: 2.1.1
      tunnel-agent: 0.6.0

  pump@3.0.0:
    dependencies:
      end-of-stream: 1.4.4
      once: 1.4.0

  qs@6.12.1:
    dependencies:
      side-channel: 1.0.6

  rc@1.2.8:
    dependencies:
      deep-extend: 0.6.0
      ini: 1.3.8
      minimist: 1.2.8
      strip-json-comments: 2.0.1

  read@1.0.7:
    dependencies:
      mute-stream: 0.0.8

  readable-stream@3.6.2:
    dependencies:
      inherits: 2.0.4
      string_decoder: 1.3.0
      util-deprecate: 1.0.2

  request-light@0.7.0: {}

  safe-buffer@5.2.1: {}

  sax@1.4.1: {}

  semver@5.7.2: {}

  semver@7.6.2: {}

  set-function-length@1.2.2:
    dependencies:
      define-data-property: 1.1.4
      es-errors: 1.3.0
      function-bind: 1.1.2
      get-intrinsic: 1.2.4
      gopd: 1.0.1
      has-property-descriptors: 1.0.2

  side-channel@1.0.6:
    dependencies:
      call-bind: 1.0.7
      es-errors: 1.3.0
      get-intrinsic: 1.2.4
      object-inspect: 1.13.1

  simple-concat@1.0.1: {}

  simple-get@4.0.1:
    dependencies:
      decompress-response: 6.0.0
      once: 1.4.0
      simple-concat: 1.0.1

  string_decoder@1.3.0:
    dependencies:
      safe-buffer: 5.2.1

  strip-json-comments@2.0.1: {}

  supports-color@5.5.0:
    dependencies:
      has-flag: 3.0.0

  tar-fs@2.1.1:
    dependencies:
      chownr: 1.1.4
      mkdirp-classic: 0.5.3
      pump: 3.0.0
      tar-stream: 2.2.0

  tar-stream@2.2.0:
    dependencies:
      bl: 4.1.0
      end-of-stream: 1.4.4
      fs-constants: 1.0.0
      inherits: 2.0.4
      readable-stream: 3.6.2

  tmp@0.2.3: {}

  tunnel-agent@0.6.0:
    dependencies:
      safe-buffer: 5.2.1

  tunnel@0.0.6: {}

  typed-rest-client@1.8.11:
    dependencies:
      qs: 6.12.1
      tunnel: 0.0.6
      underscore: 1.13.6

  typescript-auto-import-cache@0.3.2:
    dependencies:
      semver: 7.6.2

  typescript@5.4.5: {}

  uc.micro@1.0.6: {}

  underscore@1.13.6: {}

  undici-types@5.26.5: {}

  url-join@4.0.1: {}

  util-deprecate@1.0.2: {}

  volar-service-css@0.0.51(@volar/language-service@2.3.0):
    dependencies:
      vscode-css-languageservice: 6.2.14
      vscode-languageserver-textdocument: 1.0.11
      vscode-uri: 3.0.8
    optionalDependencies:
      '@volar/language-service': 2.3.0

  volar-service-emmet@0.0.50(@volar/language-service@2.3.0):
    dependencies:
      '@emmetio/css-parser': 0.4.0
      '@emmetio/html-matcher': 1.3.0
      '@vscode/emmet-helper': 2.9.3
      vscode-uri: 3.0.8
    optionalDependencies:
      '@volar/language-service': 2.3.0

  volar-service-html@0.0.50(@volar/language-service@2.3.0):
    dependencies:
      vscode-html-languageservice: '@johnsoncodehk/vscode-html-languageservice@5.2.0-34a5462'
      vscode-languageserver-textdocument: 1.0.11
      vscode-uri: 3.0.8
    optionalDependencies:
      '@volar/language-service': 2.3.0

  volar-service-typescript@0.0.51(@volar/language-service@2.3.0):
    dependencies:
      path-browserify: 1.0.1
      semver: 7.6.2
      typescript-auto-import-cache: 0.3.2
      vscode-languageserver-textdocument: 1.0.11
      vscode-nls: 5.2.0
      vscode-uri: 3.0.8
    optionalDependencies:
      '@volar/language-service': 2.3.0

  vsce@2.15.0:
    dependencies:
      azure-devops-node-api: 11.2.0
      chalk: 2.4.2
      cheerio: 1.0.0-rc.12
      commander: 6.2.1
      glob: 7.2.3
      hosted-git-info: 4.1.0
      keytar: 7.9.0
      leven: 3.1.0
      markdown-it: 12.3.2
      mime: 1.6.0
      minimatch: 3.1.2
      parse-semver: 1.1.1
      read: 1.0.7
      semver: 5.7.2
      tmp: 0.2.3
      typed-rest-client: 1.8.11
      url-join: 4.0.1
      xml2js: 0.4.23
      yauzl: 2.10.0
      yazl: 2.5.1

  vscode-css-languageservice@6.2.14:
    dependencies:
      '@vscode/l10n': 0.0.18
      vscode-languageserver-textdocument: 1.0.11
      vscode-languageserver-types: 3.17.5
      vscode-uri: 3.0.8

  vscode-html-languageservice@5.2.0:
    dependencies:
      '@vscode/l10n': 0.0.18
      vscode-languageserver-textdocument: 1.0.11
      vscode-languageserver-types: 3.17.5
      vscode-uri: 3.0.8

  vscode-jsonrpc@8.2.0: {}

  vscode-languageclient@9.0.1:
    dependencies:
      minimatch: 5.1.6
      semver: 7.6.2
      vscode-languageserver-protocol: 3.17.5

  vscode-languageserver-protocol@3.17.5:
    dependencies:
      vscode-jsonrpc: 8.2.0
      vscode-languageserver-types: 3.17.5

  vscode-languageserver-textdocument@1.0.11: {}

  vscode-languageserver-types@3.17.5: {}

  vscode-languageserver@9.0.1:
    dependencies:
      vscode-languageserver-protocol: 3.17.5

  vscode-nls@5.2.0: {}

  vscode-uri@2.1.2: {}

  vscode-uri@3.0.8: {}

  wrappy@1.0.2: {}

  xml2js@0.4.23:
    dependencies:
      sax: 1.4.1
      xmlbuilder: 11.0.1

  xmlbuilder@11.0.1: {}

  yallist@4.0.0: {}

  yauzl@2.10.0:
    dependencies:
      buffer-crc32: 0.2.13
      fd-slicer: 1.1.0

  yazl@2.5.1:
    dependencies:
      buffer-crc32: 0.2.13
